
Microsoft Visual Studio Solution File, Format Version 12.00
# Visual Studio 2012
Project("{FAE04EC0-301F-11D3-BF4B-00C04F79EFBC}") = "EEPCoder", "EEPCoder\EEPCoder.csproj", "{DE15AA2B-16A9-4EF7-8C54-C390BB7241AD}"
EndProject
Global
	GlobalSection(SolutionConfigurationPlatforms) = preSolution
		Debug|x86 = Debug|x86
		Release|x86 = Release|x86
	EndGlobalSection
	GlobalSection(ProjectConfigurationPlatforms) = postSolution
		{DE15AA2B-16A9-4EF7-8C54-C390BB7241AD}.Debug|x86.ActiveCfg = Debug|x86
		{DE15AA2B-16A9-4EF7-8C54-C390BB7241AD}.Debug|x86.Build.0 = Debug|x86
		{DE15AA2B-16A9-4EF7-8C54-C390BB7241AD}.Release|x86.ActiveCfg = Release|x86
		{DE15AA2B-16A9-4EF7-8C54-C390BB7241AD}.Release|x86.Build.0 = Release|x86
	EndGlobalSection
EndGlobal
